PODS:
  - Bugtags (1.2.9)
  - CTAssetsPickerController (2.9.5)
  - DACircularProgress (2.3.1)
  - FCFileManager (1.0.18)
  - FDFullscreenPopGesture (1.1)
  - FMDB (2.6.2):
    - FMDB/standard (= 2.6.2)
  - FMDB/standard (2.6.2)
  - KRVideoPlayer (1.0.1)
  - LGAlertView (2.0.13)
  - Masonry (1.0.1)
  - MBProgressHUD (0.9.2)
  - MJRefresh (3.1.12)
  - MWPhotoBrowser (2.1.2):
    - DACircularProgress (~> 2.3)
    - MBProgressHUD (~> 0.9)
    - SDWebImage (!= 3.7.2, ~> 3.7)
  - pop (1.0.9)
  - ReactiveCocoa (2.5):
    - ReactiveCocoa/UI (= 2.5)
  - ReactiveCocoa/Core (2.5):
    - ReactiveCocoa/no-arc
  - ReactiveCocoa/no-arc (2.5)
  - ReactiveCocoa/UI (2.5):
    - ReactiveCocoa/Core
  - SCRecorder (2.7.0)
  - SDWebImage (3.8.1):
    - SDWebImage/Core (= 3.8.1)
  - SDWebImage/Core (3.8.1)
  - SSZipArchive (1.4)
  - SWTableViewCell (0.3.7)
  - XHRealTimeBlur (1.7)
  - YYKit (1.0.7):
    - YYKit/no-arc (= 1.0.7)
  - YYKit/no-arc (1.0.7)

DEPENDENCIES:
  - Bugtags
  - CTAssetsPickerController
  - FCFileManager
  - FDFullscreenPopGesture
  - FMDB
  - KRVideoPlayer
  - LGAlertView
  - Masonry
  - MJRefresh
  - MWPhotoBrowser
  - pop
  - ReactiveCocoa (= 2.5)
  - SCRecorder
  - SSZipArchive
  - SWTableViewCell (~> 0.3.7)
  - XHRealTimeBlur
  - YYKit

SPEC CHECKSUMS:
  Bugtags: 255bb1c47db1ee692dcb2509887dac8d87d9e67f
  CTAssetsPickerController: b413fece2194ae3dbf22fbc544cf6f2a6d516a4d
  DACircularProgress: 4dd437c0fc3da5161cb289e07ac449493d41db71
  FCFileManager: 3d13576da1f709d37460bd7669cdf07b9d6d8bc3
  FDFullscreenPopGesture: a8a620179e3d9c40e8e00256dcee1c1a27c6d0f0
  FMDB: 854a0341b4726e53276f2a8996f06f1b80f9259a
  KRVideoPlayer: 08918da1b99cae35fd4c15b2ec2b49358d4c985f
  LGAlertView: 9a5dcbf4f81b02b718083539d7f222280adc9547
  Masonry: a1a931a0d08870ed8ae415a2ea5ea68ebcac77df
  MBProgressHUD: 1569cf7ace17a8bac47aabfbb8580a49690386d1
  MJRefresh: b96cdb21c4aa75a7b07654311ab2f315c497e806
  MWPhotoBrowser: 5836d7aa041dc05a13de380c246826578adc5ea5
  pop: f667631a5108a2e60d9e8797c9b32ddaf2080bce
  ReactiveCocoa: e2db045570aa97c695e7aa97c2bcab222ae51f4a
  SCRecorder: bbb521dbc222908876ec9cd9156bbc8a893bed44
  SDWebImage: 35f9627a3e44b4f292a8a8ce6a531fa488239b91
  SSZipArchive: bab21000ee11b7ba68d5880bcd87d80e4eb93e65
  SWTableViewCell: 2a94aadc9d47b2b611fa064566bf57948b95b579
  XHRealTimeBlur: 661fadd5691ba2d349758e8fd5fbdb499ac55f8c
  YYKit: 843d1b26e20b82c695790c9a89907eaa1e99907f

COCOAPODS: 0.39.0
